
Microsoft Visual Studio Solution File, Format Version 12.00
# Visual Studio Version 17
VisualStudioVersion = 17.3.32901.215
MinimumVisualStudioVersion = 10.0.40219.1
Project("{FAE04EC0-301F-11D3-BF4B-00C04F79EFBC}") = "employeeattendence", "employeeattendence\employeeattendence.csproj", "{0844E408-F5BA-4A8B-81C3-4F5E11F2E351}"
EndProject
Global
	GlobalSection(SolutionConfigurationPlatforms) = preSolution
		Debug|Any CPU = Debug|Any CPU
		Release|Any CPU = Release|Any CPU
	EndGlobalSection
	GlobalSection(ProjectConfigurationPlatforms) = postSolution
		{0844E408-F5BA-4A8B-81C3-4F5E11F2E351}.Debug|Any CPU.ActiveCfg = Debug|Any CPU
		{0844E408-F5BA-4A8B-81C3-4F5E11F2E351}.Debug|Any CPU.Build.0 = Debug|Any CPU
		{0844E408-F5BA-4A8B-81C3-4F5E11F2E351}.Release|Any CPU.ActiveCfg = Release|Any CPU
		{0844E408-F5BA-4A8B-81C3-4F5E11F2E351}.Release|Any CPU.Build.0 = Release|Any CPU
	EndGlobalSection
	GlobalSection(SolutionProperties) = preSolution
		HideSolutionNode = FALSE
	EndGlobalSection
	GlobalSection(ExtensibilityGlobals) = postSolution
		SolutionGuid = {E3F2D7E0-A9FF-47A4-B0E6-55562B0A3674}
	EndGlobalSection
EndGlobal
