
Microsoft Visual Studio Solution File, Format Version 12.00
# Visual Studio Version 17
VisualStudioVersion = 17.3.32901.215
MinimumVisualStudioVersion = 10.0.40219.1
Project("{FAE04EC0-301F-11D3-BF4B-00C04F79EFBC}") = "EmpWageCheck", "EmpWageCheck\EmpWageCheck.csproj", "{FD3B5A10-7B8A-4539-973C-284E18149BED}"
EndProject
Global
	GlobalSection(SolutionConfigurationPlatforms) = preSolution
		Debug|Any CPU = Debug|Any CPU
		Release|Any CPU = Release|Any CPU
	EndGlobalSection
	GlobalSection(ProjectConfigurationPlatforms) = postSolution
		{FD3B5A10-7B8A-4539-973C-284E18149BED}.Debug|Any CPU.ActiveCfg = Debug|Any CPU
		{FD3B5A10-7B8A-4539-973C-284E18149BED}.Debug|Any CPU.Build.0 = Debug|Any CPU
		{FD3B5A10-7B8A-4539-973C-284E18149BED}.Release|Any CPU.ActiveCfg = Release|Any CPU
		{FD3B5A10-7B8A-4539-973C-284E18149BED}.Release|Any CPU.Build.0 = Release|Any CPU
	EndGlobalSection
	GlobalSection(SolutionProperties) = preSolution
		HideSolutionNode = FALSE
	EndGlobalSection
	GlobalSection(ExtensibilityGlobals) = postSolution
		SolutionGuid = {82210B34-95BD-4987-B823-3DF4FA0CE917}
	EndGlobalSection
EndGlobal
